// !$*UTF8*$!
{
	archiveVersion = 1;
	classes = {
	};
	objectVersion = 46;
	objects = {

/* Begin PBXBuildFile section */
		8FD9546C1DE290360040DA15 /* main.m in Sources */ = {isa = PBXBuildFile; fileRef = 8FD9546B1DE290360040DA15 /* main.m */; };
		8FD9546F1DE290360040DA15 /* AppDelegate.m in Sources */ = {isa = PBXBuildFile; fileRef = 8FD9546E1DE290360040DA15 /* AppDelegate.m */; };
		8FD954721DE290360040DA15 /* ViewController.m in Sources */ = {isa = PBXBuildFile; fileRef = 8FD954711DE290360040DA15 /* ViewController.m */; };
		8FD954751DE290360040DA15 /* Main.storyboard in Resources */ = {isa = PBXBuildFile; fileRef = 8FD954731DE290360040DA15 /* Main.storyboard */; };
		8FD954771DE290360040DA15 /* Assets.xcassets in Resources */ = {isa = PBXBuildFile; fileRef = 8FD954761DE290360040DA15 /* Assets.xcassets */; };
		8FD9547A1DE290360040DA15 /* LaunchScreen.storyboard in Resources */ = {isa = PBXBuildFile; fileRef = 8FD954781DE290360040DA15 /* LaunchScreen.storyboard */; };
/* End PBXBuildFile section */

/* Begin PBXFileReference section */
		8FD954671DE290360040DA15 /* UITableViewPractice.app */ = {isa = PBXFileReference; explicitFileType = wrapper.application; includeInIndex = 0; path = UITableViewPractice.app; sourceTree = BUILT_PRODUCTS_DIR; };
		8FD9546B1DE290360040DA15 /* main.m */ = {isa = PBXFileReference; lastKnownFileType = sourcecode.c.objc; path = main.m; sourceTree = "<group>"; };
		8FD9546D1DE290360040DA15 /* AppDelegate.h */ = {isa = PBXFileReference; lastKnownFileType = sourcecode.c.h; path = AppDelegate.h; sourceTree = "<group>"; };
		8FD9546E1DE290360040DA15 /* AppDelegate.m */ = {isa = PBXFileReference; lastKnownFileType = sourcecode.c.objc; path = AppDelegate.m; sourceTree = "<group>"; };
		8FD954701DE290360040DA15 /* ViewController.h */ = {isa = PBXFileReference; lastKnownFileType = sourcecode.c.h; path = ViewController.h; sourceTree = "<group>"; };
		8FD954711DE290360040DA15 /* ViewController.m */ = {isa = PBXFileReference; lastKnownFileType = sourcecode.c.objc; path = ViewController.m; sourceTree = "<group>"; };
		8FD954741DE290360040DA15 /* Base */ = {isa = PBXFileReference; lastKnownFileType = file.storyboard; name = Base; path = Base.lproj/Main.storyboard; sourceTree = "<group>"; };
		8FD954761DE290360040DA15 /* Assets.xcassets */ = {isa = PBXFileReference; lastKnownFileType = folder.assetcatalog; path = Assets.xcassets; sourceTree = "<group>"; };
		8FD954791DE290360040DA15 /* Base */ = {isa = PBXFileReference; lastKnownFileType = file.storyboard; name = Base; path = Base.lproj/LaunchScreen.storyboard; sourceTree = "<group>"; };
		8FD9547B1DE290360040DA15 /* Info.plist */ = {isa = PBXFileReference; lastKnownFileType = text.plist.xml; path = Info.plist; sourceTree = "<group>"; };
/* End PBXFileReference section */

/* Begin PBXFrameworksBuildPhase section */
		8FD954641DE290360040DA15 /* Frameworks */ = {
			isa = PBXFrameworksBuildPhase;
			buildActionMask = 2147483647;
			files = (
			);
			runOnlyForDeploymentPostprocessing = 0;
		};
/* End PBXFrameworksBuildPhase section */

/* Begin PBXGroup section */
		8FD9545E1DE290360040DA15 = {
			isa = PBXGroup;
			children = (
				8FD954691DE290360040DA15 /* UITableViewPractice */,
				8FD954681DE290360040DA15 /* Products */,
			);
			sourceTree = "<group>";
		};
		8FD954681DE290360040DA15 /* Products */ = {
			isa = PBXGroup;
			children = (
				8FD954671DE290360040DA15 /* UITableViewPractice.app */,
			);
			name = Products;
			sourceTree = "<group>";
		};
		8FD954691DE290360040DA15 /* UITableViewPractice */ = {
			isa = PBXGroup;
			children = (
				8FD9546D1DE290360040DA15 /* AppDelegate.h */,
				8FD9546E1DE290360040DA15 /* AppDelegate.m */,
				8FD954701DE290360040DA15 /* ViewController.h */,
				8FD954711DE290360040DA15 /* ViewController.m */,
				8FD954731DE290360040DA15 /* Main.storyboard */,
				8FD954761DE290360040DA15 /* Assets.xcassets */,
				8FD954781DE290360040DA15 /* LaunchScreen.storyboard */,
				8FD9547B1DE290360040DA15 /* Info.plist */,
				8FD9546A1DE290360040DA15 /* Supporting Files */,
			);
			path = UITableViewPractice;
			sourceTree = "<group>";
		};
		8FD9546A1DE290360040DA15 /* Supporting Files */ = {
			isa = PBXGroup;
			children = (
				8FD9546B1DE290360040DA15 /* main.m */,
			);
			name = "Supporting Files";
			sourceTree = "<group>";
		};
/* End PBXGroup section */

/* Begin PBXNativeTarget section */
		8FD954661DE290360040DA15 /* UITableViewPractice */ = {
			isa = PBXNativeTarget;
			buildConfigurationList = 8FD9547E1DE290360040DA15 /* Build configuration list for PBXNativeTarget "UITableViewPractice" */;
			buildPhases = (
				8FD954631DE290360040DA15 /* Sources */,
				8FD954641DE290360040DA15 /* Frameworks */,
				8FD954651DE290360040DA15 /* Resources */,
			);
			buildRules = (
			);
			dependencies = (
			);
			name = UITableViewPractice;
			productName = UITableViewPractice;
			productReference = 8FD954671DE290360040DA15 /* UITableViewPractice.app */;
			productType = "com.apple.product-type.application";
		};
/* End PBXNativeTarget section */

/* Begin PBXProject section */
		8FD9545F1DE290360040DA15 /* Project object */ = {
			isa = PBXProject;
			attributes = {
				LastUpgradeCheck = 0810;
				ORGANIZATIONNAME = jenny0616;
				TargetAttributes = {
					8FD954661DE290360040DA15 = {
						CreatedOnToolsVersion = 8.1;
						ProvisioningStyle = Automatic;
					};
				};
			};
			buildConfigurationList = 8FD954621DE290360040DA15 /* Build configuration list for PBXProject "UITableViewPractice" */;
			compatibilityVersion = "Xcode 3.2";
			developmentRegion = English;
			hasScannedForEncodings = 0;
			knownRegions = (
				en,
				Base,
			);
			mainGroup = 8FD9545E1DE290360040DA15;
			productRefGroup = 8FD954681DE290360040DA15 /* Products */;
			projectDirPath = "";
			projectRoot = "";
			targets = (
				8FD954661DE290360040DA15 /* UITableViewPractice */,
			);
		};
/* End PBXProject section */

/* Begin PBXResourcesBuildPhase section */
		8FD954651DE290360040DA15 /* Resources */ = {
			isa = PBXResourcesBuildPhase;
			buildActionMask = 2147483647;
			files = (
				8FD9547A1DE290360040DA15 /* LaunchScreen.storyboard in Resources */,
				8FD954771DE290360040DA15 /* Assets.xcassets in Resources */,
				8FD954751DE290360040DA15 /* Main.storyboard in Resources */,
			);
			runOnlyForDeploymentPostprocessing = 0;
		};
/* End PBXResourcesBuildPhase section */

/* Begin PBXSourcesBuildPhase section */
		8FD954631DE290360040DA15 /* Sources */ = {
			isa = PBXSourcesBuildPhase;
			buildActionMask = 2147483647;
			files = (
				8FD954721DE290360040DA15 /* ViewController.m in Sources */,
				8FD9546F1DE290360040DA15 /* AppDelegate.m in Sources */,
				8FD9546C1DE290360040DA15 /* main.m in Sources */,
			);
			runOnlyForDeploymentPostprocessing = 0;
		};
/* End PBXSourcesBuildPhase section */

/* Begin PBXVariantGroup section */
		8FD954731DE290360040DA15 /* Main.storyboard */ = {
			isa = PBXVariantGroup;
			children = (
				8FD954741DE290360040DA15 /* Base */,
			);
			name = Main.storyboard;
			sourceTree = "<group>";
		};
		8FD954781DE290360040DA15 /* LaunchScreen.storyboard */ = {
			isa = PBXVariantGroup;
			children = (
				8FD954791DE290360040DA15 /* Base */,
			);
			name = LaunchScreen.storyboard;
			sourceTree = "<group>";
		};
/* End PBXVariantGroup section */

/* Begin XCBuildConfiguration section */
		8FD9547C1DE290360040DA15 /* Debug */ = {
			isa = XCBuildConfiguration;
			buildSettings = {
				ALWAYS_SEARCH_USER_PATHS = NO;
				CLANG_ANALYZER_NONNULL = YES;
				CLANG_CXX_LANGUAGE_STANDARD = "gnu++0x";
				CLANG_CXX_LIBRARY = "libc++";
				CLANG_ENABLE_MODULES = YES;
				CLANG_ENABLE_OBJC_ARC = YES;
				CLANG_WARN_BOOL_CONVERSION = YES;
				CLANG_WARN_CONSTANT_CONVERSION = YES;
				CLANG_WARN_DIRECT_OBJC_ISA_USAGE = YES_ERROR;
				CLANG_WARN_DOCUMENTATION_COMMENTS = YES;
				CLANG_WARN_EMPTY_BODY = YES;
				CLANG_WARN_ENUM_CONVERSION = YES;
				CLANG_WARN_INFINITE_RECURSION = YES;
				CLANG_WARN_INT_CONVERSION = YES;
				CLANG_WARN_OBJC_ROOT_CLASS = YES_ERROR;
				CLANG_WARN_SUSPICIOUS_MOVES = YES;
				CLANG_WARN_UNREACHABLE_CODE = YES;
				CLANG_WARN__DUPLICATE_METHOD_MATCH = YES;
				"CODE_SIGN_IDENTITY[sdk=iphoneos*]" = "iPhone Developer";
				COPY_PHASE_STRIP = NO;
				DEBUG_INFORMATION_FORMAT = dwarf;
				ENABLE_STRICT_OBJC_MSGSEND = YES;
				ENABLE_TESTABILITY = YES;
				GCC_C_LANGUAGE_STANDARD = gnu99;
				GCC_DYNAMIC_NO_PIC = NO;
				GCC_NO_COMMON_BLOCKS = YES;
				GCC_OPTIMIZATION_LEVEL = 0;
				GCC_PREPROCESSOR_DEFINITIONS = (
					"DEBUG=1",
					"$(inherited)",
				);
				GCC_WARN_64_TO_32_BIT_CONVERSION = YES;
				GCC_WARN_ABOUT_RETURN_TYPE = YES_ERROR;
				GCC_WARN_UNDECLARED_SELECTOR = YES;
				GCC_WARN_UNINITIALIZED_AUTOS = YES_AGGRESSIVE;
				GCC_WARN_UNUSED_FUNCTION = YES;
				GCC_WARN_UNUSED_VARIABLE = YES;
				IPHONEOS_DEPLOYMENT_TARGET = 10.1;
				MTL_ENABLE_DEBUG_INFO = YES;
				ONLY_ACTIVE_ARCH = YES;
				SDKROOT = iphoneos;
			};
			name = Debug;
		};
		8FD9547D1DE290360040DA15 /* Release */ = {
			isa = XCBuildConfiguration;
			buildSettings = {
				ALWAYS_SEARCH_USER_PATHS = NO;
				CLANG_ANALYZER_NONNULL = YES;
				CLANG_CXX_LANGUAGE_STANDARD = "gnu++0x";
				CLANG_CXX_LIBRARY = "libc++";
				CLANG_ENABLE_MODULES = YES;
				CLANG_ENABLE_OBJC_ARC = YES;
				CLANG_WARN_BOOL_CONVERSION = YES;
				CLANG_WARN_CONSTANT_CONVERSION = YES;
				CLANG_WARN_DIRECT_OBJC_ISA_USAGE = YES_ERROR;
				CLANG_WARN_DOCUMENTATION_COMMENTS = YES;
				CLANG_WARN_EMPTY_BODY = YES;
				CLANG_WARN_ENUM_CONVERSION = YES;
				CLANG_WARN_INFINITE_RECURSION = YES;
				CLANG_WARN_INT_CONVERSION = YES;
				CLANG_WARN_OBJC_ROOT_CLASS = YES_ERROR;
				CLANG_WARN_SUSPICIOUS_MOVES = YES;
				CLANG_WARN_UNREACHABLE_CODE = YES;
				CLANG_WARN__DUPLICATE_METHOD_MATCH = YES;
				"CODE_SIGN_IDENTITY[sdk=iphoneos*]" = "iPhone Developer";
				COPY_PHASE_STRIP = NO;
				DEBUG_INFORMATION_FORMAT = "dwarf-with-dsym";
				ENABLE_NS_ASSERTIONS = NO;
				ENABLE_STRICT_OBJC_MSGSEND = YES;
				GCC_C_LANGUAGE_STANDARD = gnu99;
				GCC_NO_COMMON_BLOCKS = YES;
				GCC_WARN_64_TO_32_BIT_CONVERSION = YES;
				GCC_WARN_ABOUT_RETURN_TYPE = YES_ERROR;
				GCC_WARN_UNDECLARED_SELECTOR = YES;
				GCC_WARN_UNINITIALIZED_AUTOS = YES_AGGRESSIVE;
				GCC_WARN_UNUSED_FUNCTION = YES;
				GCC_WARN_UNUSED_VARIABLE = YES;
				IPHONEOS_DEPLOYMENT_TARGET = 10.1;
				MTL_ENABLE_DEBUG_INFO = NO;
				SDKROOT = iphoneos;
				VALIDATE_PRODUCT = YES;
			};
			name = Release;
		};
		8FD9547F1DE290360040DA15 /* Debug */ = {
			isa = XCBuildConfiguration;
			buildSettings = {
				ASSETCATALOG_COMPILER_APPICON_NAME = AppIcon;
				INFOPLIST_FILE = UITableViewPractice/Info.plist;
				LD_RUNPATH_SEARCH_PATHS = "$(inherited) @executable_path/Frameworks";
				PRODUCT_BUNDLE_IDENTIFIER = JWR.UITableViewPractice;
				PRODUCT_NAME = "$(TARGET_NAME)";
			};
			name = Debug;
		};
		8FD954801DE290360040DA15 /* Release */ = {
			isa = XCBuildConfiguration;
			buildSettings = {
				ASSETCATALOG_COMPILER_APPICON_NAME = AppIcon;
				INFOPLIST_FILE = UITableViewPractice/Info.plist;
				LD_RUNPATH_SEARCH_PATHS = "$(inherited) @executable_path/Frameworks";
				PRODUCT_BUNDLE_IDENTIFIER = JWR.UITableViewPractice;
				PRODUCT_NAME = "$(TARGET_NAME)";
			};
			name = Release;
		};
/* End XCBuildConfiguration section */

/* Begin XCConfigurationList section */
		8FD954621DE290360040DA15 /* Build configuration list for PBXProject "UITableViewPractice" */ = {
			isa = XCConfigurationList;
			buildConfigurations = (
				8FD9547C1DE290360040DA15 /* Debug */,
				8FD9547D1DE290360040DA15 /* Release */,
			);
			defaultConfigurationIsVisible = 0;
			defaultConfigurationName = Release;
		};
		8FD9547E1DE290360040DA15 /* Build configuration list for PBXNativeTarget "UITableViewPractice" */ = {
			isa = XCConfigurationList;
			buildConfigurations = (
				8FD9547F1DE290360040DA15 /* Debug */,
				8FD954801DE290360040DA15 /* Release */,
			);
			defaultConfigurationIsVisible = 0;
		};
/* End XCConfigurationList section */
	};
	rootObject = 8FD9545F1DE290360040DA15 /* Project object */;
}
